
Microsoft Visual Studio Solution File, Format Version 12.00
Project("{FAE04EC0-301F-11D3-BF4B-00C04F79EFBC}") = "Hw2", "Hw2\Hw2.csproj", "{21DD2EB0-6CEC-42D9-86DF-38388E11A429}"
EndProject
Project("{FAE04EC0-301F-11D3-BF4B-00C04F79EFBC}") = "Hw3", "Hw3\Hw3.csproj", "{62FE105A-A377-4108-B65E-947FE63D2CE9}"
EndProject
Project("{FAE04EC0-301F-11D3-BF4B-00C04F79EFBC}") = "Hw4", "Hw4\Hw4.csproj", "{E65DD0C6-89E7-45D3-A660-C045D40922E8}"
EndProject
Project("{FAE04EC0-301F-11D3-BF4B-00C04F79EFBC}") = "Hw5", "Hw5\Hw5.csproj", "{E286798F-609D-428E-B4D7-23CA760B8D3D}"
EndProject
Project("{FAE04EC0-301F-11D3-BF4B-00C04F79EFBC}") = "Hw6", "Hw6\Hw6.csproj", "{09FEFDE6-D613-4640-98FC-7149045DCE8F}"
EndProject
Project("{FAE04EC0-301F-11D3-BF4B-00C04F79EFBC}") = "Hw7", "Hw7\Hw7.csproj", "{110EC224-296D-4990-BDB7-4FBDA1368CDC}"
EndProject
Project("{FAE04EC0-301F-11D3-BF4B-00C04F79EFBC}") = "Hw8", "Hw8\Hw8.csproj", "{91E929FB-4964-4592-8DB1-676890967CF4}"
EndProject
Global
	GlobalSection(SolutionConfigurationPlatforms) = preSolution
		Debug|Any CPU = Debug|Any CPU
		Release|Any CPU = Release|Any CPU
	EndGlobalSection
	GlobalSection(ProjectConfigurationPlatforms) = postSolution
		{21DD2EB0-6CEC-42D9-86DF-38388E11A429}.Debug|Any CPU.ActiveCfg = Debug|Any CPU
		{21DD2EB0-6CEC-42D9-86DF-38388E11A429}.Debug|Any CPU.Build.0 = Debug|Any CPU
		{21DD2EB0-6CEC-42D9-86DF-38388E11A429}.Release|Any CPU.ActiveCfg = Release|Any CPU
		{21DD2EB0-6CEC-42D9-86DF-38388E11A429}.Release|Any CPU.Build.0 = Release|Any CPU
		{62FE105A-A377-4108-B65E-947FE63D2CE9}.Debug|Any CPU.ActiveCfg = Debug|Any CPU
		{62FE105A-A377-4108-B65E-947FE63D2CE9}.Debug|Any CPU.Build.0 = Debug|Any CPU
		{62FE105A-A377-4108-B65E-947FE63D2CE9}.Release|Any CPU.ActiveCfg = Release|Any CPU
		{62FE105A-A377-4108-B65E-947FE63D2CE9}.Release|Any CPU.Build.0 = Release|Any CPU
		{E65DD0C6-89E7-45D3-A660-C045D40922E8}.Debug|Any CPU.ActiveCfg = Debug|Any CPU
		{E65DD0C6-89E7-45D3-A660-C045D40922E8}.Debug|Any CPU.Build.0 = Debug|Any CPU
		{E65DD0C6-89E7-45D3-A660-C045D40922E8}.Release|Any CPU.ActiveCfg = Release|Any CPU
		{E65DD0C6-89E7-45D3-A660-C045D40922E8}.Release|Any CPU.Build.0 = Release|Any CPU
		{E286798F-609D-428E-B4D7-23CA760B8D3D}.Debug|Any CPU.ActiveCfg = Debug|Any CPU
		{E286798F-609D-428E-B4D7-23CA760B8D3D}.Debug|Any CPU.Build.0 = Debug|Any CPU
		{E286798F-609D-428E-B4D7-23CA760B8D3D}.Release|Any CPU.ActiveCfg = Release|Any CPU
		{E286798F-609D-428E-B4D7-23CA760B8D3D}.Release|Any CPU.Build.0 = Release|Any CPU
		{09FEFDE6-D613-4640-98FC-7149045DCE8F}.Debug|Any CPU.ActiveCfg = Debug|Any CPU
		{09FEFDE6-D613-4640-98FC-7149045DCE8F}.Debug|Any CPU.Build.0 = Debug|Any CPU
		{09FEFDE6-D613-4640-98FC-7149045DCE8F}.Release|Any CPU.ActiveCfg = Release|Any CPU
		{09FEFDE6-D613-4640-98FC-7149045DCE8F}.Release|Any CPU.Build.0 = Release|Any CPU
		{110EC224-296D-4990-BDB7-4FBDA1368CDC}.Debug|Any CPU.ActiveCfg = Debug|Any CPU
		{110EC224-296D-4990-BDB7-4FBDA1368CDC}.Debug|Any CPU.Build.0 = Debug|Any CPU
		{110EC224-296D-4990-BDB7-4FBDA1368CDC}.Release|Any CPU.ActiveCfg = Release|Any CPU
		{110EC224-296D-4990-BDB7-4FBDA1368CDC}.Release|Any CPU.Build.0 = Release|Any CPU
		{91E929FB-4964-4592-8DB1-676890967CF4}.Debug|Any CPU.ActiveCfg = Debug|Any CPU
		{91E929FB-4964-4592-8DB1-676890967CF4}.Debug|Any CPU.Build.0 = Debug|Any CPU
		{91E929FB-4964-4592-8DB1-676890967CF4}.Release|Any CPU.ActiveCfg = Release|Any CPU
		{91E929FB-4964-4592-8DB1-676890967CF4}.Release|Any CPU.Build.0 = Release|Any CPU
	EndGlobalSection
EndGlobal
