
Microsoft Visual Studio Solution File, Format Version 12.00
Project("{FAE04EC0-301F-11D3-BF4B-00C04F79EFBC}") = "Hw2", "Hw2\Hw2.csproj", "{21DD2EB0-6CEC-42D9-86DF-38388E11A429}"
EndProject
Project("{FAE04EC0-301F-11D3-BF4B-00C04F79EFBC}") = "Hw3", "Hw3\Hw3.csproj", "{62FE105A-A377-4108-B65E-947FE63D2CE9}"
EndProject
Project("{FAE04EC0-301F-11D3-BF4B-00C04F79EFBC}") = "Hw4", "Hw4\Hw4.csproj", "{E65DD0C6-89E7-45D3-A660-C045D40922E8}"
EndProject
Global
	GlobalSection(SolutionConfigurationPlatforms) = preSolution
		Debug|Any CPU = Debug|Any CPU
		Release|Any CPU = Release|Any CPU
	EndGlobalSection
	GlobalSection(ProjectConfigurationPlatforms) = postSolution
		{21DD2EB0-6CEC-42D9-86DF-38388E11A429}.Debug|Any CPU.ActiveCfg = Debug|Any CPU
		{21DD2EB0-6CEC-42D9-86DF-38388E11A429}.Debug|Any CPU.Build.0 = Debug|Any CPU
		{21DD2EB0-6CEC-42D9-86DF-38388E11A429}.Release|Any CPU.ActiveCfg = Release|Any CPU
		{21DD2EB0-6CEC-42D9-86DF-38388E11A429}.Release|Any CPU.Build.0 = Release|Any CPU
		{62FE105A-A377-4108-B65E-947FE63D2CE9}.Debug|Any CPU.ActiveCfg = Debug|Any CPU
		{62FE105A-A377-4108-B65E-947FE63D2CE9}.Debug|Any CPU.Build.0 = Debug|Any CPU
		{62FE105A-A377-4108-B65E-947FE63D2CE9}.Release|Any CPU.ActiveCfg = Release|Any CPU
		{62FE105A-A377-4108-B65E-947FE63D2CE9}.Release|Any CPU.Build.0 = Release|Any CPU
		{E65DD0C6-89E7-45D3-A660-C045D40922E8}.Debug|Any CPU.ActiveCfg = Debug|Any CPU
		{E65DD0C6-89E7-45D3-A660-C045D40922E8}.Debug|Any CPU.Build.0 = Debug|Any CPU
		{E65DD0C6-89E7-45D3-A660-C045D40922E8}.Release|Any CPU.ActiveCfg = Release|Any CPU
		{E65DD0C6-89E7-45D3-A660-C045D40922E8}.Release|Any CPU.Build.0 = Release|Any CPU
	EndGlobalSection
EndGlobal
